
Microsoft Visual Studio Solution File, Format Version 12.00
# Visual Studio Version 17
VisualStudioVersion = 17.2.32602.215
MinimumVisualStudioVersion = 10.0.40219.1
Project("{FAE04EC0-301F-11D3-BF4B-00C04F79EFBC}") = "MVCLocalStorageIframe", "MVCLocalStorageIframe\MVCLocalStorageIframe.csproj", "{87DCBEAD-6266-43C0-B651-68A369F60611}"
EndProject
Global
	GlobalSection(SolutionConfigurationPlatforms) = preSolution
		Debug|Any CPU = Debug|Any CPU
		Release|Any CPU = Release|Any CPU
	EndGlobalSection
	GlobalSection(ProjectConfigurationPlatforms) = postSolution
		{87DCBEAD-6266-43C0-B651-68A369F60611}.Debug|Any CPU.ActiveCfg = Debug|Any CPU
		{87DCBEAD-6266-43C0-B651-68A369F60611}.Debug|Any CPU.Build.0 = Debug|Any CPU
		{87DCBEAD-6266-43C0-B651-68A369F60611}.Release|Any CPU.ActiveCfg = Release|Any CPU
		{87DCBEAD-6266-43C0-B651-68A369F60611}.Release|Any CPU.Build.0 = Release|Any CPU
	EndGlobalSection
	GlobalSection(SolutionProperties) = preSolution
		HideSolutionNode = FALSE
	EndGlobalSection
	GlobalSection(ExtensibilityGlobals) = postSolution
		SolutionGuid = {6D8676A8-CC9B-4390-A32F-45B77EAC1EEF}
	EndGlobalSection
EndGlobal
